// !$*UTF8*$!
{
	archiveVersion = 1;
	classes = {
	};
	objectVersion = 46;
	objects = {

/* Begin PBXBuildFile section */
		15161A0D14FE1C2E002C1E3B /* UIKit.framework in Frameworks */ = {isa = PBXBuildFile; fileRef = 15161A0C14FE1C2E002C1E3B /* UIKit.framework */; };
		15161A0F14FE1C2E002C1E3B /* Foundation.framework in Frameworks */ = {isa = PBXBuildFile; fileRef = 15161A0E14FE1C2E002C1E3B /* Foundation.framework */; };
		15161A1114FE1C2E002C1E3B /* CoreGraphics.framework in Frameworks */ = {isa = PBXBuildFile; fileRef = 15161A1014FE1C2E002C1E3B /* CoreGraphics.framework */; };
		15161A1714FE1C2E002C1E3B /* InfoPlist.strings in Resources */ = {isa = PBXBuildFile; fileRef = 15161A1514FE1C2E002C1E3B /* InfoPlist.strings */; };
		15161A1914FE1C2E002C1E3B /* main.m in Sources */ = {isa = PBXBuildFile; fileRef = 15161A1814FE1C2E002C1E3B /* main.m */; };
		15161A1D14FE1C2E002C1E3B /* AppDelegate.m in Sources */ = {isa = PBXBuildFile; fileRef = 15161A1C14FE1C2E002C1E3B /* AppDelegate.m */; };
/* End PBXBuildFile section */

/* Begin PBXFileReference section */
		15161A0814FE1C2E002C1E3B /* iPadDemo.app */ = {isa = PBXFileReference; explicitFileType = wrapper.application; includeInIndex = 0; path = iPadDemo.app; sourceTree = BUILT_PRODUCTS_DIR; };
		15161A0C14FE1C2E002C1E3B /* UIKit.framework */ = {isa = PBXFileReference; lastKnownFileType = wrapper.framework; name = UIKit.framework; path = System/Library/Frameworks/UIKit.framework; sourceTree = SDKROOT; };
		15161A0E14FE1C2E002C1E3B /* Foundation.framework */ = {isa = PBXFileReference; lastKnownFileType = wrapper.framework; name = Foundation.framework; path = System/Library/Frameworks/Foundation.framework; sourceTree = SDKROOT; };
		15161A1014FE1C2E002C1E3B /* CoreGraphics.framework */ = {isa = PBXFileReference; lastKnownFileType = wrapper.framework; name = CoreGraphics.framework; path = System/Library/Frameworks/CoreGraphics.framework; sourceTree = SDKROOT; };
		15161A1414FE1C2E002C1E3B /* iPadDemo-Info.plist */ = {isa = PBXFileReference; lastKnownFileType = text.plist.xml; path = "iPadDemo-Info.plist"; sourceTree = "<group>"; };
		15161A1614FE1C2E002C1E3B /* en */ = {isa = PBXFileReference; lastKnownFileType = text.plist.strings; name = en; path = en.lproj/InfoPlist.strings; sourceTree = "<group>"; };
		15161A1814FE1C2E002C1E3B /* main.m */ = {isa = PBXFileReference; lastKnownFileType = sourcecode.c.objc; path = main.m; sourceTree = "<group>"; };
		15161A1A14FE1C2E002C1E3B /* iPadDemo-Prefix.pch */ = {isa = PBXFileReference; lastKnownFileType = sourcecode.c.h; path = "iPadDemo-Prefix.pch"; sourceTree = "<group>"; };
		15161A1B14FE1C2E002C1E3B /* AppDelegate.h */ = {isa = PBXFileReference; lastKnownFileType = sourcecode.c.h; path = AppDelegate.h; sourceTree = "<group>"; };
		15161A1C14FE1C2E002C1E3B /* AppDelegate.m */ = {isa = PBXFileReference; lastKnownFileType = sourcecode.c.objc; path = AppDelegate.m; sourceTree = "<group>"; };
/* End PBXFileReference section */

/* Begin PBXFrameworksBuildPhase section */
		15161A0514FE1C2E002C1E3B /* Frameworks */ = {
			isa = PBXFrameworksBuildPhase;
			buildActionMask = 2147483647;
			files = (
				15161A0D14FE1C2E002C1E3B /* UIKit.framework in Frameworks */,
				15161A0F14FE1C2E002C1E3B /* Foundation.framework in Frameworks */,
				15161A1114FE1C2E002C1E3B /* CoreGraphics.framework in Frameworks */,
			);
			runOnlyForDeploymentPostprocessing = 0;
		};
/* End PBXFrameworksBuildPhase section */

/* Begin PBXGroup section */
		151619FD14FE1C2E002C1E3B = {
			isa = PBXGroup;
			children = (
				15161A1214FE1C2E002C1E3B /* iPadDemo */,
				15161A0B14FE1C2E002C1E3B /* Frameworks */,
				15161A0914FE1C2E002C1E3B /* Products */,
			);
			sourceTree = "<group>";
		};
		15161A0914FE1C2E002C1E3B /* Products */ = {
			isa = PBXGroup;
			children = (
				15161A0814FE1C2E002C1E3B /* iPadDemo.app */,
			);
			name = Products;
			sourceTree = "<group>";
		};
		15161A0B14FE1C2E002C1E3B /* Frameworks */ = {
			isa = PBXGroup;
			children = (
				15161A0C14FE1C2E002C1E3B /* UIKit.framework */,
				15161A0E14FE1C2E002C1E3B /* Foundation.framework */,
				15161A1014FE1C2E002C1E3B /* CoreGraphics.framework */,
			);
			name = Frameworks;
			sourceTree = "<group>";
		};
		15161A1214FE1C2E002C1E3B /* iPadDemo */ = {
			isa = PBXGroup;
			children = (
				15161A1B14FE1C2E002C1E3B /* AppDelegate.h */,
				15161A1C14FE1C2E002C1E3B /* AppDelegate.m */,
				15161A1314FE1C2E002C1E3B /* Supporting Files */,
			);
			path = iPadDemo;
			sourceTree = "<group>";
		};
		15161A1314FE1C2E002C1E3B /* Supporting Files */ = {
			isa = PBXGroup;
			children = (
				15161A1414FE1C2E002C1E3B /* iPadDemo-Info.plist */,
				15161A1514FE1C2E002C1E3B /* InfoPlist.strings */,
				15161A1814FE1C2E002C1E3B /* main.m */,
				15161A1A14FE1C2E002C1E3B /* iPadDemo-Prefix.pch */,
			);
			name = "Supporting Files";
			sourceTree = "<group>";
		};
/* End PBXGroup section */

/* Begin PBXNativeTarget section */
		15161A0714FE1C2E002C1E3B /* iPadDemo */ = {
			isa = PBXNativeTarget;
			buildConfigurationList = 15161A2014FE1C2E002C1E3B /* Build configuration list for PBXNativeTarget "iPadDemo" */;
			buildPhases = (
				15161A0414FE1C2E002C1E3B /* Sources */,
				15161A0514FE1C2E002C1E3B /* Frameworks */,
				15161A0614FE1C2E002C1E3B /* Resources */,
			);
			buildRules = (
			);
			dependencies = (
			);
			name = iPadDemo;
			productName = iPadDemo;
			productReference = 15161A0814FE1C2E002C1E3B /* iPadDemo.app */;
			productType = "com.apple.product-type.application";
		};
/* End PBXNativeTarget section */

/* Begin PBXProject section */
		151619FF14FE1C2E002C1E3B /* Project object */ = {
			isa = PBXProject;
			attributes = {
				LastUpgradeCheck = 0420;
			};
			buildConfigurationList = 15161A0214FE1C2E002C1E3B /* Build configuration list for PBXProject "iPadDemo" */;
			compatibilityVersion = "Xcode 3.2";
			developmentRegion = English;
			hasScannedForEncodings = 0;
			knownRegions = (
				en,
			);
			mainGroup = 151619FD14FE1C2E002C1E3B;
			productRefGroup = 15161A0914FE1C2E002C1E3B /* Products */;
			projectDirPath = "";
			projectRoot = "";
			targets = (
				15161A0714FE1C2E002C1E3B /* iPadDemo */,
			);
		};
/* End PBXProject section */

/* Begin PBXResourcesBuildPhase section */
		15161A0614FE1C2E002C1E3B /* Resources */ = {
			isa = PBXResourcesBuildPhase;
			buildActionMask = 2147483647;
			files = (
				15161A1714FE1C2E002C1E3B /* InfoPlist.strings in Resources */,
			);
			runOnlyForDeploymentPostprocessing = 0;
		};
/* End PBXResourcesBuildPhase section */

/* Begin PBXSourcesBuildPhase section */
		15161A0414FE1C2E002C1E3B /* Sources */ = {
			isa = PBXSourcesBuildPhase;
			buildActionMask = 2147483647;
			files = (
				15161A1914FE1C2E002C1E3B /* main.m in Sources */,
				15161A1D14FE1C2E002C1E3B /* AppDelegate.m in Sources */,
			);
			runOnlyForDeploymentPostprocessing = 0;
		};
/* End PBXSourcesBuildPhase section */

/* Begin PBXVariantGroup section */
		15161A1514FE1C2E002C1E3B /* InfoPlist.strings */ = {
			isa = PBXVariantGroup;
			children = (
				15161A1614FE1C2E002C1E3B /* en */,
			);
			name = InfoPlist.strings;
			sourceTree = "<group>";
		};
/* End PBXVariantGroup section */

/* Begin XCBuildConfiguration section */
		15161A1E14FE1C2E002C1E3B /* Debug */ = {
			isa = XCBuildConfiguration;
			buildSettings = {
				ALWAYS_SEARCH_USER_PATHS = NO;
				ARCHS = "$(ARCHS_STANDARD_32_BIT)";
				"CODE_SIGN_IDENTITY[sdk=iphoneos*]" = "iPhone Developer";
				COPY_PHASE_STRIP = NO;
				GCC_C_LANGUAGE_STANDARD = gnu99;
				GCC_DYNAMIC_NO_PIC = NO;
				GCC_OPTIMIZATION_LEVEL = 0;
				GCC_PREPROCESSOR_DEFINITIONS = (
					"DEBUG=1",
					"$(inherited)",
				);
				GCC_SYMBOLS_PRIVATE_EXTERN = NO;
				GCC_VERSION = com.apple.compilers.llvm.clang.1_0;
				GCC_WARN_ABOUT_MISSING_PROTOTYPES = YES;
				GCC_WARN_ABOUT_RETURN_TYPE = YES;
				GCC_WARN_UNUSED_VARIABLE = YES;
				IPHONEOS_DEPLOYMENT_TARGET = 5.0;
				SDKROOT = iphoneos;
				TARGETED_DEVICE_FAMILY = 2;
			};
			name = Debug;
		};
		15161A1F14FE1C2E002C1E3B /* Release */ = {
			isa = XCBuildConfiguration;
			buildSettings = {
				ALWAYS_SEARCH_USER_PATHS = NO;
				ARCHS = "$(ARCHS_STANDARD_32_BIT)";
				"CODE_SIGN_IDENTITY[sdk=iphoneos*]" = "iPhone Developer";
				COPY_PHASE_STRIP = YES;
				GCC_C_LANGUAGE_STANDARD = gnu99;
				GCC_VERSION = com.apple.compilers.llvm.clang.1_0;
				GCC_WARN_ABOUT_MISSING_PROTOTYPES = YES;
				GCC_WARN_ABOUT_RETURN_TYPE = YES;
				GCC_WARN_UNUSED_VARIABLE = YES;
				IPHONEOS_DEPLOYMENT_TARGET = 5.0;
				OTHER_CFLAGS = "-DNS_BLOCK_ASSERTIONS=1";
				SDKROOT = iphoneos;
				TARGETED_DEVICE_FAMILY = 2;
				VALIDATE_PRODUCT = YES;
			};
			name = Release;
		};
		15161A2114FE1C2E002C1E3B /* Debug */ = {
			isa = XCBuildConfiguration;
			buildSettings = {
				GCC_PRECOMPILE_PREFIX_HEADER = YES;
				GCC_PREFIX_HEADER = "iPadDemo/iPadDemo-Prefix.pch";
				INFOPLIST_FILE = "iPadDemo/iPadDemo-Info.plist";
				PRODUCT_NAME = "$(TARGET_NAME)";
				WRAPPER_EXTENSION = app;
			};
			name = Debug;
		};
		15161A2214FE1C2E002C1E3B /* Release */ = {
			isa = XCBuildConfiguration;
			buildSettings = {
				GCC_PRECOMPILE_PREFIX_HEADER = YES;
				GCC_PREFIX_HEADER = "iPadDemo/iPadDemo-Prefix.pch";
				INFOPLIST_FILE = "iPadDemo/iPadDemo-Info.plist";
				PRODUCT_NAME = "$(TARGET_NAME)";
				WRAPPER_EXTENSION = app;
			};
			name = Release;
		};
/* End XCBuildConfiguration section */

/* Begin XCConfigurationList section */
		15161A0214FE1C2E002C1E3B /* Build configuration list for PBXProject "iPadDemo" */ = {
			isa = XCConfigurationList;
			buildConfigurations = (
				15161A1E14FE1C2E002C1E3B /* Debug */,
				15161A1F14FE1C2E002C1E3B /* Release */,
			);
			defaultConfigurationIsVisible = 0;
			defaultConfigurationName = Release;
		};
		15161A2014FE1C2E002C1E3B /* Build configuration list for PBXNativeTarget "iPadDemo" */ = {
			isa = XCConfigurationList;
			buildConfigurations = (
				15161A2114FE1C2E002C1E3B /* Debug */,
				15161A2214FE1C2E002C1E3B /* Release */,
			);
			defaultConfigurationIsVisible = 0;
		};
/* End XCConfigurationList section */
	};
	rootObject = 151619FF14FE1C2E002C1E3B /* Project object */;
}
